<?xml version="1.0" encoding="utf-8"?>
<Project ToolsVersion="4.0" xmlns="http://schemas.microsoft.com/developer/msbuild/2003">
  <ItemGroup>
    <Filter Include="main">
      <UniqueIdentifier>{4FC737F1-C7A5-4376-A066-2A32D752A2FF}</UniqueIdentifier>
      <Extensions>cpp;c;cc;cxx;c++;cppm;ixx;def;odl;idl;hpj;bat;asm;asmx</Extensions>
    </Filter>
    <Filter Include="learn">
      <UniqueIdentifier>{51aa55d4-21bf-42af-87c2-a8edf4a35647}</UniqueIdentifier>
    </Filter>
  </ItemGroup>
  <ItemGroup>
    <ClCompile Include="gfx.cpp">
      <Filter>main</Filter>
    </ClCompile>
    <ClCompile Include="App.cpp">
      <Filter>main</Filter>
    </ClCompile>
    <ClCompile Include="learn\AppShaderSetup.cpp">
      <Filter>learn</Filter>
    </ClCompile>
  </ItemGroup>
  <ItemGroup>
    <ClInclude Include="App.hpp">
      <Filter>main</Filter>
    </ClInclude>
    <ClInclude Include="learn\AppShaderSetup.hpp">
      <Filter>learn</Filter>
    </ClInclude>
  </ItemGroup>
</Project>